
Microsoft Visual Studio Solution File, Format Version 12.00
# Visual Studio Version 17
VisualStudioVersion = 17.4.33205.214
MinimumVisualStudioVersion = 10.0.40219.1
Project("{FAE04EC0-301F-11D3-BF4B-00C04F79EFBC}") = "ECommerceAPI.Service", "ECommerceAPI.Service.csproj", "{FC4D1418-8DBC-4ACC-8E6B-C233D18B65B9}"
EndProject
Project("{FAE04EC0-301F-11D3-BF4B-00C04F79EFBC}") = "ECommerceAPI.Business", "..\ECOmmerceAPI.Business\ECommerceAPI.Business.csproj", "{424B64BF-B461-4222-9BA1-F0582ECA5286}"
EndProject
Project("{FAE04EC0-301F-11D3-BF4B-00C04F79EFBC}") = "ECommerceAPI.Base", "..\ECommerceAPI.Base\ECommerceAPI.Base.csproj", "{7591DB77-19E4-4497-B454-72EC4086717C}"
EndProject
Project("{FAE04EC0-301F-11D3-BF4B-00C04F79EFBC}") = "ECommerceAPI.Data", "..\ECommerceAPI.Data\ECommerceAPI.Data.csproj", "{81E68510-F745-4AB1-A33A-086449E017E9}"
EndProject
Project("{FAE04EC0-301F-11D3-BF4B-00C04F79EFBC}") = "ECommerceAPI.Schema", "..\ECommerceAPI.Schema\ECommerceAPI.Schema.csproj", "{A568FC74-17F3-48FA-9BD0-DC9F000E8FAB}"
EndProject
Global
	GlobalSection(SolutionConfigurationPlatforms) = preSolution
		Debug|Any CPU = Debug|Any CPU
		Release|Any CPU = Release|Any CPU
	EndGlobalSection
	GlobalSection(ProjectConfigurationPlatforms) = postSolution
		{FC4D1418-8DBC-4ACC-8E6B-C233D18B65B9}.Debug|Any CPU.ActiveCfg = Debug|Any CPU
		{FC4D1418-8DBC-4ACC-8E6B-C233D18B65B9}.Debug|Any CPU.Build.0 = Debug|Any CPU
		{FC4D1418-8DBC-4ACC-8E6B-C233D18B65B9}.Release|Any CPU.ActiveCfg = Release|Any CPU
		{FC4D1418-8DBC-4ACC-8E6B-C233D18B65B9}.Release|Any CPU.Build.0 = Release|Any CPU
		{424B64BF-B461-4222-9BA1-F0582ECA5286}.Debug|Any CPU.ActiveCfg = Debug|Any CPU
		{424B64BF-B461-4222-9BA1-F0582ECA5286}.Debug|Any CPU.Build.0 = Debug|Any CPU
		{424B64BF-B461-4222-9BA1-F0582ECA5286}.Release|Any CPU.ActiveCfg = Release|Any CPU
		{424B64BF-B461-4222-9BA1-F0582ECA5286}.Release|Any CPU.Build.0 = Release|Any CPU
		{7591DB77-19E4-4497-B454-72EC4086717C}.Debug|Any CPU.ActiveCfg = Debug|Any CPU
		{7591DB77-19E4-4497-B454-72EC4086717C}.Debug|Any CPU.Build.0 = Debug|Any CPU
		{7591DB77-19E4-4497-B454-72EC4086717C}.Release|Any CPU.ActiveCfg = Release|Any CPU
		{7591DB77-19E4-4497-B454-72EC4086717C}.Release|Any CPU.Build.0 = Release|Any CPU
		{81E68510-F745-4AB1-A33A-086449E017E9}.Debug|Any CPU.ActiveCfg = Debug|Any CPU
		{81E68510-F745-4AB1-A33A-086449E017E9}.Debug|Any CPU.Build.0 = Debug|Any CPU
		{81E68510-F745-4AB1-A33A-086449E017E9}.Release|Any CPU.ActiveCfg = Release|Any CPU
		{81E68510-F745-4AB1-A33A-086449E017E9}.Release|Any CPU.Build.0 = Release|Any CPU
		{A568FC74-17F3-48FA-9BD0-DC9F000E8FAB}.Debug|Any CPU.ActiveCfg = Debug|Any CPU
		{A568FC74-17F3-48FA-9BD0-DC9F000E8FAB}.Debug|Any CPU.Build.0 = Debug|Any CPU
		{A568FC74-17F3-48FA-9BD0-DC9F000E8FAB}.Release|Any CPU.ActiveCfg = Release|Any CPU
		{A568FC74-17F3-48FA-9BD0-DC9F000E8FAB}.Release|Any CPU.Build.0 = Release|Any CPU
	EndGlobalSection
	GlobalSection(SolutionProperties) = preSolution
		HideSolutionNode = FALSE
	EndGlobalSection
	GlobalSection(ExtensibilityGlobals) = postSolution
		SolutionGuid = {3F4EDF1B-C8B9-4BF5-98C6-3EB5A1B2AF7A}
	EndGlobalSection
EndGlobal
